
Microsoft Visual Studio Solution File, Format Version 12.00
# Visual Studio 15
VisualStudioVersion = 15.0.28307.572
MinimumVisualStudioVersion = 10.0.40219.1
Project("{9A19103F-16F7-4668-BE54-9A1E7A4F7556}") = "TaskManager.API", "TaskManager.API\TaskManager.API.csproj", "{BC4503D6-6931-4AD6-BC7D-3A61456EFDEA}"
EndProject
Project("{9A19103F-16F7-4668-BE54-9A1E7A4F7556}") = "TaskManager.Contracts", "Contracts\TaskManager.Contracts.csproj", "{ABE8FB79-93D1-4568-9DFC-18BC2ACCF040}"
EndProject
Project("{9A19103F-16F7-4668-BE54-9A1E7A4F7556}") = "TaskManager.LoggerService", "LoggerService\TaskManager.LoggerService.csproj", "{9C9778F9-81B6-4ED2-9577-8E2914B64BEF}"
EndProject
Project("{9A19103F-16F7-4668-BE54-9A1E7A4F7556}") = "TaskManager.Entities", "TaskManager.Entities\TaskManager.Entities.csproj", "{7634E9E0-1D74-49B2-B975-7296461A2CA3}"
EndProject
Project("{9A19103F-16F7-4668-BE54-9A1E7A4F7556}") = "TaskManager.DataLayer", "TaskManager.DataLayer\TaskManager.DataLayer.csproj", "{BEE3FD61-08F1-4541-B846-984FFBE27C89}"
EndProject
Project("{9A19103F-16F7-4668-BE54-9A1E7A4F7556}") = "TaskManager.XUnit.Tests", "TaskManager.XUnit.Tests\TaskManager.XUnit.Tests.csproj", "{1197FE83-D3AE-4881-AE70-98B0C00F256A}"
EndProject
Project("{FAE04EC0-301F-11D3-BF4B-00C04F79EFBC}") = "TaskManager.Integration.Tests", "TaskManager.Integration.Tests\TaskManager.Integration.Tests.csproj", "{759F4C0D-85CE-4D8A-AB9D-E0DC5D088AD7}"
EndProject
Global
	GlobalSection(SolutionConfigurationPlatforms) = preSolution
		Debug|Any CPU = Debug|Any CPU
		Release|Any CPU = Release|Any CPU
	EndGlobalSection
	GlobalSection(ProjectConfigurationPlatforms) = postSolution
		{BC4503D6-6931-4AD6-BC7D-3A61456EFDEA}.Debug|Any CPU.ActiveCfg = Debug|Any CPU
		{BC4503D6-6931-4AD6-BC7D-3A61456EFDEA}.Debug|Any CPU.Build.0 = Debug|Any CPU
		{BC4503D6-6931-4AD6-BC7D-3A61456EFDEA}.Release|Any CPU.ActiveCfg = Release|Any CPU
		{BC4503D6-6931-4AD6-BC7D-3A61456EFDEA}.Release|Any CPU.Build.0 = Release|Any CPU
		{ABE8FB79-93D1-4568-9DFC-18BC2ACCF040}.Debug|Any CPU.ActiveCfg = Debug|Any CPU
		{ABE8FB79-93D1-4568-9DFC-18BC2ACCF040}.Debug|Any CPU.Build.0 = Debug|Any CPU
		{ABE8FB79-93D1-4568-9DFC-18BC2ACCF040}.Release|Any CPU.ActiveCfg = Release|Any CPU
		{ABE8FB79-93D1-4568-9DFC-18BC2ACCF040}.Release|Any CPU.Build.0 = Release|Any CPU
		{9C9778F9-81B6-4ED2-9577-8E2914B64BEF}.Debug|Any CPU.ActiveCfg = Debug|Any CPU
		{9C9778F9-81B6-4ED2-9577-8E2914B64BEF}.Debug|Any CPU.Build.0 = Debug|Any CPU
		{9C9778F9-81B6-4ED2-9577-8E2914B64BEF}.Release|Any CPU.ActiveCfg = Release|Any CPU
		{9C9778F9-81B6-4ED2-9577-8E2914B64BEF}.Release|Any CPU.Build.0 = Release|Any CPU
		{7634E9E0-1D74-49B2-B975-7296461A2CA3}.Debug|Any CPU.ActiveCfg = Debug|Any CPU
		{7634E9E0-1D74-49B2-B975-7296461A2CA3}.Debug|Any CPU.Build.0 = Debug|Any CPU
		{7634E9E0-1D74-49B2-B975-7296461A2CA3}.Release|Any CPU.ActiveCfg = Release|Any CPU
		{7634E9E0-1D74-49B2-B975-7296461A2CA3}.Release|Any CPU.Build.0 = Release|Any CPU
		{BEE3FD61-08F1-4541-B846-984FFBE27C89}.Debug|Any CPU.ActiveCfg = Debug|Any CPU
		{BEE3FD61-08F1-4541-B846-984FFBE27C89}.Debug|Any CPU.Build.0 = Debug|Any CPU
		{BEE3FD61-08F1-4541-B846-984FFBE27C89}.Release|Any CPU.ActiveCfg = Release|Any CPU
		{BEE3FD61-08F1-4541-B846-984FFBE27C89}.Release|Any CPU.Build.0 = Release|Any CPU
		{1197FE83-D3AE-4881-AE70-98B0C00F256A}.Debug|Any CPU.ActiveCfg = Debug|Any CPU
		{1197FE83-D3AE-4881-AE70-98B0C00F256A}.Debug|Any CPU.Build.0 = Debug|Any CPU
		{1197FE83-D3AE-4881-AE70-98B0C00F256A}.Release|Any CPU.ActiveCfg = Release|Any CPU
		{1197FE83-D3AE-4881-AE70-98B0C00F256A}.Release|Any CPU.Build.0 = Release|Any CPU
		{759F4C0D-85CE-4D8A-AB9D-E0DC5D088AD7}.Debug|Any CPU.ActiveCfg = Debug|Any CPU
		{759F4C0D-85CE-4D8A-AB9D-E0DC5D088AD7}.Debug|Any CPU.Build.0 = Debug|Any CPU
		{759F4C0D-85CE-4D8A-AB9D-E0DC5D088AD7}.Release|Any CPU.ActiveCfg = Release|Any CPU
		{759F4C0D-85CE-4D8A-AB9D-E0DC5D088AD7}.Release|Any CPU.Build.0 = Release|Any CPU
	EndGlobalSection
	GlobalSection(SolutionProperties) = preSolution
		HideSolutionNode = FALSE
	EndGlobalSection
	GlobalSection(ExtensibilityGlobals) = postSolution
		SolutionGuid = {93DA3AD5-164A-4451-B692-328BC9CF0350}
	EndGlobalSection
EndGlobal
